
Microsoft Visual Studio Solution File, Format Version 12.00
# Visual Studio Version 17
VisualStudioVersion = 17.3.32804.467
MinimumVisualStudioVersion = 10.0.40219.1
Project("{2150E333-8FDC-42A3-9474-1A3956D46DE8}") = "Class Work", "Class Work", "{39AD8514-231B-4C06-8A79-920D01FB6120}"
EndProject
Project("{FAE04EC0-301F-11D3-BF4B-00C04F79EFBC}") = "class_Work", "class_Work\class_Work.csproj", "{73257F30-F91F-4685-9178-9203C8D150A9}"
EndProject
Project("{2150E333-8FDC-42A3-9474-1A3956D46DE8}") = "For,While,Do,If,Else,Etc", "For,While,Do,If,Else,Etc", "{A8356931-BD3D-44AF-9EF4-74661BFD8DA2}"
EndProject
Project("{FAE04EC0-301F-11D3-BF4B-00C04F79EFBC}") = "For,Do,While,If,Else_Etc", "For,Do,While,If,Else_Etc\For,Do,While,If,Else_Etc.csproj", "{FFEC90F7-2E04-4785-BFAF-7A9138CB75AA}"
EndProject
Project("{2150E333-8FDC-42A3-9474-1A3956D46DE8}") = "Biddut Bill", "Biddut Bill", "{B0AAA5B5-894C-46F2-8FAF-349E1775307F}"
EndProject
Project("{FAE04EC0-301F-11D3-BF4B-00C04F79EFBC}") = "Biddut_Bill", "Biddut_Bill\Biddut_Bill.csproj", "{312DE291-49AB-46E3-AB7A-B2C67FBFE8FE}"
EndProject
Project("{2150E333-8FDC-42A3-9474-1A3956D46DE8}") = "Worker Salary", "Worker Salary", "{0CE7D732-F513-47EA-8588-F2E32BC75EA7}"
EndProject
Project("{FAE04EC0-301F-11D3-BF4B-00C04F79EFBC}") = "Worker_Salary", "Worker_Salary\Worker_Salary.csproj", "{C4176692-B5C9-4F81-8C07-B9C3CB6CB679}"
EndProject
Project("{2150E333-8FDC-42A3-9474-1A3956D46DE8}") = "Calculator", "Calculator", "{ADDD8D23-83FF-4328-841E-3C87767737ED}"
EndProject
Project("{FAE04EC0-301F-11D3-BF4B-00C04F79EFBC}") = "WindowsFormsApp1", "WindowsFormsApp1\WindowsFormsApp1.csproj", "{E550FF8F-C143-4BEB-A89A-FE3FE578E6AB}"
EndProject
Project("{2150E333-8FDC-42A3-9474-1A3956D46DE8}") = "20-11-24", "20-11-24", "{73A6B142-D1ED-4E93-8907-0CE5964FEDC8}"
EndProject
Project("{FAE04EC0-301F-11D3-BF4B-00C04F79EFBC}") = "Vartual_txt", "Vartual_txt\Vartual_txt.csproj", "{6556567F-4249-4EF6-A4D5-401DB9180D2B}"
EndProject
Project("{2150E333-8FDC-42A3-9474-1A3956D46DE8}") = "20_11_24.Sealed Method", "20_11_24.Sealed Method", "{647BE7FE-B789-41A4-83B9-13EF74D9EC9A}"
EndProject
Project("{FAE04EC0-301F-11D3-BF4B-00C04F79EFBC}") = "ConsoleApp3", "ConsoleApp3\ConsoleApp3.csproj", "{B83B4587-022D-4AE4-9D84-17471C5B963D}"
EndProject
Project("{FAE04EC0-301F-11D3-BF4B-00C04F79EFBC}") = "Seald_Class", "Seald_Class\Seald_Class.csproj", "{597FB9F6-F674-4BA5-BA1A-CCA2C5F968C3}"
EndProject
Project("{FAE04EC0-301F-11D3-BF4B-00C04F79EFBC}") = "Abstract_Class_Method", "Abstract_Class_Method\Abstract_Class_Method.csproj", "{2F6C4083-EC02-4457-B869-03839A5869B4}"
EndProject
Project("{2150E333-8FDC-42A3-9474-1A3956D46DE8}") = "Interface", "Interface", "{1AAE8475-E20C-47F6-9E27-794ADDEDA46B}"
EndProject
Project("{FAE04EC0-301F-11D3-BF4B-00C04F79EFBC}") = "ConsoleApp4", "ConsoleApp4\ConsoleApp4.csproj", "{587E69DB-DA85-41EB-98D0-72F231E8338D}"
EndProject
Project("{2150E333-8FDC-42A3-9474-1A3956D46DE8}") = "Properties", "Properties", "{C8CE6BBA-4260-458F-9C51-01248193AD22}"
EndProject
Project("{FAE04EC0-301F-11D3-BF4B-00C04F79EFBC}") = "ConsoleApp5", "ConsoleApp5\ConsoleApp5.csproj", "{FF31CD0B-6939-49E8-9E84-738073415F64}"
EndProject
Project("{2150E333-8FDC-42A3-9474-1A3956D46DE8}") = "Garbage Collector", "Garbage Collector", "{76A904CE-D831-4CC2-9F99-9D0B07BA70C4}"
EndProject
Project("{FAE04EC0-301F-11D3-BF4B-00C04F79EFBC}") = "ConsoleApp6", "ConsoleApp6\ConsoleApp6.csproj", "{9A18ECB7-C17F-4FBB-9B50-58FE9FD0C14C}"
EndProject
Project("{2150E333-8FDC-42A3-9474-1A3956D46DE8}") = "Generic Approach", "Generic Approach", "{51C60DED-89D4-45B1-BEF3-DB2210671FD5}"
EndProject
Project("{FAE04EC0-301F-11D3-BF4B-00C04F79EFBC}") = "ConsoleApp7", "ConsoleApp7\ConsoleApp7.csproj", "{E92A196D-F568-418E-AFE8-7DC8D24D80D6}"
EndProject
Project("{2150E333-8FDC-42A3-9474-1A3956D46DE8}") = "Generic Swap", "Generic Swap", "{23F98F5C-5853-4E88-A821-4A264F7B5E0E}"
EndProject
Project("{FAE04EC0-301F-11D3-BF4B-00C04F79EFBC}") = "ConsoleApp8", "ConsoleApp8\ConsoleApp8.csproj", "{844E0D8C-1621-4E0E-BFA5-EB92653819AE}"
EndProject
Project("{2150E333-8FDC-42A3-9474-1A3956D46DE8}") = "IEnumerator_Method_IEnumerable_Class", "IEnumerator_Method_IEnumerable_Class", "{F3F359EC-57CE-4A7B-83C2-7092325297F9}"
EndProject
Project("{FAE04EC0-301F-11D3-BF4B-00C04F79EFBC}") = "ConsoleApp9", "ConsoleApp9\ConsoleApp9.csproj", "{EBBE4A1C-B91A-4E9A-BC5D-5C99367FAEF0}"
EndProject
Project("{2150E333-8FDC-42A3-9474-1A3956D46DE8}") = "Delegate", "Delegate", "{D146F73B-032A-48C1-A3F6-934A10968FD2}"
EndProject
Project("{FAE04EC0-301F-11D3-BF4B-00C04F79EFBC}") = "ConsoleApp10", "ConsoleApp10\ConsoleApp10.csproj", "{53C93642-073B-47B6-AA2D-8A4B65271CF3}"
EndProject
Project("{2150E333-8FDC-42A3-9474-1A3956D46DE8}") = "Lamda_Expression", "Lamda_Expression", "{A9D296A1-8825-46AE-A7F3-A73556A2E45F}"
EndProject
Project("{FAE04EC0-301F-11D3-BF4B-00C04F79EFBC}") = "ConsoleApp11", "ConsoleApp11\ConsoleApp11.csproj", "{579C8FC1-4C0C-4065-A4F6-69AF12593727}"
EndProject
Project("{2150E333-8FDC-42A3-9474-1A3956D46DE8}") = "LINQ", "LINQ", "{9105FB35-4BE3-4FF0-AF30-E60C67F4D126}"
EndProject
Project("{FAE04EC0-301F-11D3-BF4B-00C04F79EFBC}") = "ConsoleApp12", "ConsoleApp12\ConsoleApp12.csproj", "{BF9DE9DD-1497-4F7B-9E7B-65C0B75B6E1E}"
EndProject
Project("{2150E333-8FDC-42A3-9474-1A3956D46DE8}") = "LINQ _Project", "LINQ _Project", "{91717D84-7340-48BD-8331-6E0BAACD7C26}"
EndProject
Project("{FAE04EC0-301F-11D3-BF4B-00C04F79EFBC}") = "ConsoleApp13", "ConsoleApp13\ConsoleApp13.csproj", "{7D7958F0-1DA6-4F99-9460-1CD7A4153664}"
EndProject
Global
	GlobalSection(SolutionConfigurationPlatforms) = preSolution
		Debug|Any CPU = Debug|Any CPU
		Release|Any CPU = Release|Any CPU
	EndGlobalSection
	GlobalSection(ProjectConfigurationPlatforms) = postSolution
		{73257F30-F91F-4685-9178-9203C8D150A9}.Debug|Any CPU.ActiveCfg = Debug|Any CPU
		{73257F30-F91F-4685-9178-9203C8D150A9}.Debug|Any CPU.Build.0 = Debug|Any CPU
		{73257F30-F91F-4685-9178-9203C8D150A9}.Release|Any CPU.ActiveCfg = Release|Any CPU
		{73257F30-F91F-4685-9178-9203C8D150A9}.Release|Any CPU.Build.0 = Release|Any CPU
		{FFEC90F7-2E04-4785-BFAF-7A9138CB75AA}.Debug|Any CPU.ActiveCfg = Debug|Any CPU
		{FFEC90F7-2E04-4785-BFAF-7A9138CB75AA}.Debug|Any CPU.Build.0 = Debug|Any CPU
		{FFEC90F7-2E04-4785-BFAF-7A9138CB75AA}.Release|Any CPU.ActiveCfg = Release|Any CPU
		{FFEC90F7-2E04-4785-BFAF-7A9138CB75AA}.Release|Any CPU.Build.0 = Release|Any CPU
		{312DE291-49AB-46E3-AB7A-B2C67FBFE8FE}.Debug|Any CPU.ActiveCfg = Debug|Any CPU
		{312DE291-49AB-46E3-AB7A-B2C67FBFE8FE}.Debug|Any CPU.Build.0 = Debug|Any CPU
		{312DE291-49AB-46E3-AB7A-B2C67FBFE8FE}.Release|Any CPU.ActiveCfg = Release|Any CPU
		{312DE291-49AB-46E3-AB7A-B2C67FBFE8FE}.Release|Any CPU.Build.0 = Release|Any CPU
		{C4176692-B5C9-4F81-8C07-B9C3CB6CB679}.Debug|Any CPU.ActiveCfg = Debug|Any CPU
		{C4176692-B5C9-4F81-8C07-B9C3CB6CB679}.Debug|Any CPU.Build.0 = Debug|Any CPU
		{C4176692-B5C9-4F81-8C07-B9C3CB6CB679}.Release|Any CPU.ActiveCfg = Release|Any CPU
		{C4176692-B5C9-4F81-8C07-B9C3CB6CB679}.Release|Any CPU.Build.0 = Release|Any CPU
		{E550FF8F-C143-4BEB-A89A-FE3FE578E6AB}.Debug|Any CPU.ActiveCfg = Debug|Any CPU
		{E550FF8F-C143-4BEB-A89A-FE3FE578E6AB}.Debug|Any CPU.Build.0 = Debug|Any CPU
		{E550FF8F-C143-4BEB-A89A-FE3FE578E6AB}.Release|Any CPU.ActiveCfg = Release|Any CPU
		{E550FF8F-C143-4BEB-A89A-FE3FE578E6AB}.Release|Any CPU.Build.0 = Release|Any CPU
		{6556567F-4249-4EF6-A4D5-401DB9180D2B}.Debug|Any CPU.ActiveCfg = Debug|Any CPU
		{6556567F-4249-4EF6-A4D5-401DB9180D2B}.Debug|Any CPU.Build.0 = Debug|Any CPU
		{6556567F-4249-4EF6-A4D5-401DB9180D2B}.Release|Any CPU.ActiveCfg = Release|Any CPU
		{6556567F-4249-4EF6-A4D5-401DB9180D2B}.Release|Any CPU.Build.0 = Release|Any CPU
		{B83B4587-022D-4AE4-9D84-17471C5B963D}.Debug|Any CPU.ActiveCfg = Debug|Any CPU
		{B83B4587-022D-4AE4-9D84-17471C5B963D}.Debug|Any CPU.Build.0 = Debug|Any CPU
		{B83B4587-022D-4AE4-9D84-17471C5B963D}.Release|Any CPU.ActiveCfg = Release|Any CPU
		{B83B4587-022D-4AE4-9D84-17471C5B963D}.Release|Any CPU.Build.0 = Release|Any CPU
		{597FB9F6-F674-4BA5-BA1A-CCA2C5F968C3}.Debug|Any CPU.ActiveCfg = Debug|Any CPU
		{597FB9F6-F674-4BA5-BA1A-CCA2C5F968C3}.Debug|Any CPU.Build.0 = Debug|Any CPU
		{597FB9F6-F674-4BA5-BA1A-CCA2C5F968C3}.Release|Any CPU.ActiveCfg = Release|Any CPU
		{597FB9F6-F674-4BA5-BA1A-CCA2C5F968C3}.Release|Any CPU.Build.0 = Release|Any CPU
		{2F6C4083-EC02-4457-B869-03839A5869B4}.Debug|Any CPU.ActiveCfg = Debug|Any CPU
		{2F6C4083-EC02-4457-B869-03839A5869B4}.Debug|Any CPU.Build.0 = Debug|Any CPU
		{2F6C4083-EC02-4457-B869-03839A5869B4}.Release|Any CPU.ActiveCfg = Release|Any CPU
		{2F6C4083-EC02-4457-B869-03839A5869B4}.Release|Any CPU.Build.0 = Release|Any CPU
		{587E69DB-DA85-41EB-98D0-72F231E8338D}.Debug|Any CPU.ActiveCfg = Debug|Any CPU
		{587E69DB-DA85-41EB-98D0-72F231E8338D}.Debug|Any CPU.Build.0 = Debug|Any CPU
		{587E69DB-DA85-41EB-98D0-72F231E8338D}.Release|Any CPU.ActiveCfg = Release|Any CPU
		{587E69DB-DA85-41EB-98D0-72F231E8338D}.Release|Any CPU.Build.0 = Release|Any CPU
		{FF31CD0B-6939-49E8-9E84-738073415F64}.Debug|Any CPU.ActiveCfg = Debug|Any CPU
		{FF31CD0B-6939-49E8-9E84-738073415F64}.Debug|Any CPU.Build.0 = Debug|Any CPU
		{FF31CD0B-6939-49E8-9E84-738073415F64}.Release|Any CPU.ActiveCfg = Release|Any CPU
		{FF31CD0B-6939-49E8-9E84-738073415F64}.Release|Any CPU.Build.0 = Release|Any CPU
		{9A18ECB7-C17F-4FBB-9B50-58FE9FD0C14C}.Debug|Any CPU.ActiveCfg = Debug|Any CPU
		{9A18ECB7-C17F-4FBB-9B50-58FE9FD0C14C}.Debug|Any CPU.Build.0 = Debug|Any CPU
		{9A18ECB7-C17F-4FBB-9B50-58FE9FD0C14C}.Release|Any CPU.ActiveCfg = Release|Any CPU
		{9A18ECB7-C17F-4FBB-9B50-58FE9FD0C14C}.Release|Any CPU.Build.0 = Release|Any CPU
		{E92A196D-F568-418E-AFE8-7DC8D24D80D6}.Debug|Any CPU.ActiveCfg = Debug|Any CPU
		{E92A196D-F568-418E-AFE8-7DC8D24D80D6}.Debug|Any CPU.Build.0 = Debug|Any CPU
		{E92A196D-F568-418E-AFE8-7DC8D24D80D6}.Release|Any CPU.ActiveCfg = Release|Any CPU
		{E92A196D-F568-418E-AFE8-7DC8D24D80D6}.Release|Any CPU.Build.0 = Release|Any CPU
		{844E0D8C-1621-4E0E-BFA5-EB92653819AE}.Debug|Any CPU.ActiveCfg = Debug|Any CPU
		{844E0D8C-1621-4E0E-BFA5-EB92653819AE}.Debug|Any CPU.Build.0 = Debug|Any CPU
		{844E0D8C-1621-4E0E-BFA5-EB92653819AE}.Release|Any CPU.ActiveCfg = Release|Any CPU
		{844E0D8C-1621-4E0E-BFA5-EB92653819AE}.Release|Any CPU.Build.0 = Release|Any CPU
		{EBBE4A1C-B91A-4E9A-BC5D-5C99367FAEF0}.Debug|Any CPU.ActiveCfg = Debug|Any CPU
		{EBBE4A1C-B91A-4E9A-BC5D-5C99367FAEF0}.Debug|Any CPU.Build.0 = Debug|Any CPU
		{EBBE4A1C-B91A-4E9A-BC5D-5C99367FAEF0}.Release|Any CPU.ActiveCfg = Release|Any CPU
		{EBBE4A1C-B91A-4E9A-BC5D-5C99367FAEF0}.Release|Any CPU.Build.0 = Release|Any CPU
		{53C93642-073B-47B6-AA2D-8A4B65271CF3}.Debug|Any CPU.ActiveCfg = Debug|Any CPU
		{53C93642-073B-47B6-AA2D-8A4B65271CF3}.Debug|Any CPU.Build.0 = Debug|Any CPU
		{53C93642-073B-47B6-AA2D-8A4B65271CF3}.Release|Any CPU.ActiveCfg = Release|Any CPU
		{53C93642-073B-47B6-AA2D-8A4B65271CF3}.Release|Any CPU.Build.0 = Release|Any CPU
		{579C8FC1-4C0C-4065-A4F6-69AF12593727}.Debug|Any CPU.ActiveCfg = Debug|Any CPU
		{579C8FC1-4C0C-4065-A4F6-69AF12593727}.Debug|Any CPU.Build.0 = Debug|Any CPU
		{579C8FC1-4C0C-4065-A4F6-69AF12593727}.Release|Any CPU.ActiveCfg = Release|Any CPU
		{579C8FC1-4C0C-4065-A4F6-69AF12593727}.Release|Any CPU.Build.0 = Release|Any CPU
		{BF9DE9DD-1497-4F7B-9E7B-65C0B75B6E1E}.Debug|Any CPU.ActiveCfg = Debug|Any CPU
		{BF9DE9DD-1497-4F7B-9E7B-65C0B75B6E1E}.Debug|Any CPU.Build.0 = Debug|Any CPU
		{BF9DE9DD-1497-4F7B-9E7B-65C0B75B6E1E}.Release|Any CPU.ActiveCfg = Release|Any CPU
		{BF9DE9DD-1497-4F7B-9E7B-65C0B75B6E1E}.Release|Any CPU.Build.0 = Release|Any CPU
		{7D7958F0-1DA6-4F99-9460-1CD7A4153664}.Debug|Any CPU.ActiveCfg = Debug|Any CPU
		{7D7958F0-1DA6-4F99-9460-1CD7A4153664}.Debug|Any CPU.Build.0 = Debug|Any CPU
		{7D7958F0-1DA6-4F99-9460-1CD7A4153664}.Release|Any CPU.ActiveCfg = Release|Any CPU
		{7D7958F0-1DA6-4F99-9460-1CD7A4153664}.Release|Any CPU.Build.0 = Release|Any CPU
	EndGlobalSection
	GlobalSection(SolutionProperties) = preSolution
		HideSolutionNode = FALSE
	EndGlobalSection
	GlobalSection(NestedProjects) = preSolution
		{73257F30-F91F-4685-9178-9203C8D150A9} = {39AD8514-231B-4C06-8A79-920D01FB6120}
		{FFEC90F7-2E04-4785-BFAF-7A9138CB75AA} = {A8356931-BD3D-44AF-9EF4-74661BFD8DA2}
		{312DE291-49AB-46E3-AB7A-B2C67FBFE8FE} = {B0AAA5B5-894C-46F2-8FAF-349E1775307F}
		{C4176692-B5C9-4F81-8C07-B9C3CB6CB679} = {0CE7D732-F513-47EA-8588-F2E32BC75EA7}
		{E550FF8F-C143-4BEB-A89A-FE3FE578E6AB} = {ADDD8D23-83FF-4328-841E-3C87767737ED}
		{6556567F-4249-4EF6-A4D5-401DB9180D2B} = {73A6B142-D1ED-4E93-8907-0CE5964FEDC8}
		{B83B4587-022D-4AE4-9D84-17471C5B963D} = {647BE7FE-B789-41A4-83B9-13EF74D9EC9A}
		{597FB9F6-F674-4BA5-BA1A-CCA2C5F968C3} = {647BE7FE-B789-41A4-83B9-13EF74D9EC9A}
		{2F6C4083-EC02-4457-B869-03839A5869B4} = {647BE7FE-B789-41A4-83B9-13EF74D9EC9A}
		{587E69DB-DA85-41EB-98D0-72F231E8338D} = {1AAE8475-E20C-47F6-9E27-794ADDEDA46B}
		{FF31CD0B-6939-49E8-9E84-738073415F64} = {C8CE6BBA-4260-458F-9C51-01248193AD22}
		{9A18ECB7-C17F-4FBB-9B50-58FE9FD0C14C} = {76A904CE-D831-4CC2-9F99-9D0B07BA70C4}
		{E92A196D-F568-418E-AFE8-7DC8D24D80D6} = {51C60DED-89D4-45B1-BEF3-DB2210671FD5}
		{844E0D8C-1621-4E0E-BFA5-EB92653819AE} = {23F98F5C-5853-4E88-A821-4A264F7B5E0E}
		{EBBE4A1C-B91A-4E9A-BC5D-5C99367FAEF0} = {F3F359EC-57CE-4A7B-83C2-7092325297F9}
		{53C93642-073B-47B6-AA2D-8A4B65271CF3} = {D146F73B-032A-48C1-A3F6-934A10968FD2}
		{579C8FC1-4C0C-4065-A4F6-69AF12593727} = {A9D296A1-8825-46AE-A7F3-A73556A2E45F}
		{BF9DE9DD-1497-4F7B-9E7B-65C0B75B6E1E} = {9105FB35-4BE3-4FF0-AF30-E60C67F4D126}
		{7D7958F0-1DA6-4F99-9460-1CD7A4153664} = {91717D84-7340-48BD-8331-6E0BAACD7C26}
	EndGlobalSection
	GlobalSection(ExtensibilityGlobals) = postSolution
		SolutionGuid = {BA2CB7D3-C5B1-4E34-A3E1-BA1161081B96}
	EndGlobalSection
EndGlobal
