
Microsoft Visual Studio Solution File, Format Version 12.00
# Visual Studio Version 17
VisualStudioVersion = 17.3.32804.467
MinimumVisualStudioVersion = 10.0.40219.1
Project("{FAE04EC0-301F-11D3-BF4B-00C04F79EFBC}") = "Odd_Even.Txt", "Odd_Even.Txt\Odd_Even.Txt.csproj", "{4B030B6C-C637-4CDA-A07A-A41AC664CEBF}"
EndProject
Global
	GlobalSection(SolutionConfigurationPlatforms) = preSolution
		Debug|Any CPU = Debug|Any CPU
		Release|Any CPU = Release|Any CPU
	EndGlobalSection
	GlobalSection(ProjectConfigurationPlatforms) = postSolution
		{4B030B6C-C637-4CDA-A07A-A41AC664CEBF}.Debug|Any CPU.ActiveCfg = Debug|Any CPU
		{4B030B6C-C637-4CDA-A07A-A41AC664CEBF}.Debug|Any CPU.Build.0 = Debug|Any CPU
		{4B030B6C-C637-4CDA-A07A-A41AC664CEBF}.Release|Any CPU.ActiveCfg = Release|Any CPU
		{4B030B6C-C637-4CDA-A07A-A41AC664CEBF}.Release|Any CPU.Build.0 = Release|Any CPU
	EndGlobalSection
	GlobalSection(SolutionProperties) = preSolution
		HideSolutionNode = FALSE
	EndGlobalSection
	GlobalSection(ExtensibilityGlobals) = postSolution
		SolutionGuid = {04FCB520-4715-4BC2-B027-D95FCEFF48D3}
	EndGlobalSection
EndGlobal
